
Microsoft Visual Studio Solution File, Format Version 12.00
# Visual Studio Version 16
VisualStudioVersion = 16.0.29215.179
MinimumVisualStudioVersion = 10.0.40219.1
Project("{FAE04EC0-301F-11D3-BF4B-00C04F79EFBC}") = "SQLiteDataExtractor", "SQLiteDataExtractor\SQLiteDataExtractor.csproj", "{23D56D3F-CFC8-47B6-BF3C-0D46D0405B5C}"
EndProject
Project("{2150E333-8FDC-42A3-9474-1A3956D46DE8}") = "Solution Items", "Solution Items", "{71A475AE-0693-44C6-9643-DD0ECED0EA63}"
	ProjectSection(SolutionItems) = preProject
		SQLiteDataExtractor\bin\Release\EnvDTE.dll = SQLiteDataExtractor\bin\Release\EnvDTE.dll
		SQLiteDataExtractor\bin\Release\Configration\FormParameters.xml = SQLiteDataExtractor\bin\Release\Configration\FormParameters.xml
		SQLiteDataExtractor\bin\Release\Configration\Message.xml = SQLiteDataExtractor\bin\Release\Configration\Message.xml
		SQLiteDataExtractor\bin\Release\Microsoft.VisualStudio.OLE.Interop.dll = SQLiteDataExtractor\bin\Release\Microsoft.VisualStudio.OLE.Interop.dll
		SQLiteDataExtractor\bin\Release\Microsoft.VisualStudio.Shell.Interop.dll = SQLiteDataExtractor\bin\Release\Microsoft.VisualStudio.Shell.Interop.dll
		SQLiteDataExtractor\bin\Release\Microsoft.VisualStudio.TextManager.Interop.dll = SQLiteDataExtractor\bin\Release\Microsoft.VisualStudio.TextManager.Interop.dll
		SQLiteDataExtractor\bin\Release\SQLite.Designer.dll = SQLiteDataExtractor\bin\Release\SQLite.Designer.dll
		SQLiteDataExtractor\bin\Release\SQLite.Interop.dll = SQLiteDataExtractor\bin\Release\SQLite.Interop.dll
		SQLiteDataExtractor\bin\Release\SQLite簡易データ抽出ツール.exe = SQLiteDataExtractor\bin\Release\SQLite簡易データ抽出ツール.exe
		SQLiteDataExtractor\bin\Release\SQLite簡易データ抽出ツール.exe.config = SQLiteDataExtractor\bin\Release\SQLite簡易データ抽出ツール.exe.config
		SQLiteDataExtractor\bin\Release\stdole.dll = SQLiteDataExtractor\bin\Release\stdole.dll
		SQLiteDataExtractor\bin\Release\System.Data.SQLite.dll = SQLiteDataExtractor\bin\Release\System.Data.SQLite.dll
		SQLiteDataExtractor\bin\Release\System.Data.SQLite.EF6.dll = SQLiteDataExtractor\bin\Release\System.Data.SQLite.EF6.dll
		SQLiteDataExtractor\bin\Release\System.Data.SQLite.Linq.dll = SQLiteDataExtractor\bin\Release\System.Data.SQLite.Linq.dll
	EndProjectSection
EndProject
Global
	GlobalSection(SolutionConfigurationPlatforms) = preSolution
		Debug|Any CPU = Debug|Any CPU
		Release|Any CPU = Release|Any CPU
	EndGlobalSection
	GlobalSection(ProjectConfigurationPlatforms) = postSolution
		{23D56D3F-CFC8-47B6-BF3C-0D46D0405B5C}.Debug|Any CPU.ActiveCfg = Debug|Any CPU
		{23D56D3F-CFC8-47B6-BF3C-0D46D0405B5C}.Debug|Any CPU.Build.0 = Debug|Any CPU
		{23D56D3F-CFC8-47B6-BF3C-0D46D0405B5C}.Release|Any CPU.ActiveCfg = Release|Any CPU
		{23D56D3F-CFC8-47B6-BF3C-0D46D0405B5C}.Release|Any CPU.Build.0 = Release|Any CPU
	EndGlobalSection
	GlobalSection(SolutionProperties) = preSolution
		HideSolutionNode = FALSE
	EndGlobalSection
	GlobalSection(ExtensibilityGlobals) = postSolution
		SolutionGuid = {BD1813F5-875A-4FCA-8D7F-1142A0F09649}
	EndGlobalSection
EndGlobal
